
Microsoft Visual Studio Solution File, Format Version 12.00
# Visual Studio Version 17
VisualStudioVersion = 17.1.32228.430
MinimumVisualStudioVersion = 10.0.40219.1
Project("{9A19103F-16F7-4668-BE54-9A1E7A4F7556}") = "AP-TMS", "AP-TMS\AP-TMS.csproj", "{3F7F51CC-5DC5-407B-A3D8-AA7BD6097940}"
EndProject
Project("{9A19103F-16F7-4668-BE54-9A1E7A4F7556}") = "Entities", "Entities\Entities.csproj", "{D4C22BFB-C5C1-46A7-BAAA-AFA032CF6ED5}"
EndProject
Project("{9A19103F-16F7-4668-BE54-9A1E7A4F7556}") = "Common", "Common\Common.csproj", "{D2771FA8-7EE7-42B5-9137-19D99D9FE253}"
EndProject
Project("{9A19103F-16F7-4668-BE54-9A1E7A4F7556}") = "Database", "Database\Database.csproj", "{5B308839-BEC4-48B0-ACE1-75E29A964576}"
EndProject
Project("{9A19103F-16F7-4668-BE54-9A1E7A4F7556}") = "Core", "Core\Core.csproj", "{F7B9DBF5-ED8F-4894-BEC2-94476F057C26}"
EndProject
Project("{FAE04EC0-301F-11D3-BF4B-00C04F79EFBC}") = "e-Res.WPF", "e-Res.WPF\e-Res.WPF.csproj", "{83C71E05-EA42-494D-AC0E-92291ADA7A4D}"
EndProject
Global
	GlobalSection(SolutionConfigurationPlatforms) = preSolution
		Debug|Any CPU = Debug|Any CPU
		Release|Any CPU = Release|Any CPU
	EndGlobalSection
	GlobalSection(ProjectConfigurationPlatforms) = postSolution
		{3F7F51CC-5DC5-407B-A3D8-AA7BD6097940}.Debug|Any CPU.ActiveCfg = Debug|Any CPU
		{3F7F51CC-5DC5-407B-A3D8-AA7BD6097940}.Debug|Any CPU.Build.0 = Debug|Any CPU
		{3F7F51CC-5DC5-407B-A3D8-AA7BD6097940}.Release|Any CPU.ActiveCfg = Release|Any CPU
		{3F7F51CC-5DC5-407B-A3D8-AA7BD6097940}.Release|Any CPU.Build.0 = Release|Any CPU
		{D4C22BFB-C5C1-46A7-BAAA-AFA032CF6ED5}.Debug|Any CPU.ActiveCfg = Debug|Any CPU
		{D4C22BFB-C5C1-46A7-BAAA-AFA032CF6ED5}.Debug|Any CPU.Build.0 = Debug|Any CPU
		{D4C22BFB-C5C1-46A7-BAAA-AFA032CF6ED5}.Release|Any CPU.ActiveCfg = Release|Any CPU
		{D4C22BFB-C5C1-46A7-BAAA-AFA032CF6ED5}.Release|Any CPU.Build.0 = Release|Any CPU
		{D2771FA8-7EE7-42B5-9137-19D99D9FE253}.Debug|Any CPU.ActiveCfg = Debug|Any CPU
		{D2771FA8-7EE7-42B5-9137-19D99D9FE253}.Debug|Any CPU.Build.0 = Debug|Any CPU
		{D2771FA8-7EE7-42B5-9137-19D99D9FE253}.Release|Any CPU.ActiveCfg = Release|Any CPU
		{D2771FA8-7EE7-42B5-9137-19D99D9FE253}.Release|Any CPU.Build.0 = Release|Any CPU
		{5B308839-BEC4-48B0-ACE1-75E29A964576}.Debug|Any CPU.ActiveCfg = Debug|Any CPU
		{5B308839-BEC4-48B0-ACE1-75E29A964576}.Debug|Any CPU.Build.0 = Debug|Any CPU
		{5B308839-BEC4-48B0-ACE1-75E29A964576}.Release|Any CPU.ActiveCfg = Release|Any CPU
		{5B308839-BEC4-48B0-ACE1-75E29A964576}.Release|Any CPU.Build.0 = Release|Any CPU
		{F7B9DBF5-ED8F-4894-BEC2-94476F057C26}.Debug|Any CPU.ActiveCfg = Debug|Any CPU
		{F7B9DBF5-ED8F-4894-BEC2-94476F057C26}.Debug|Any CPU.Build.0 = Debug|Any CPU
		{F7B9DBF5-ED8F-4894-BEC2-94476F057C26}.Release|Any CPU.ActiveCfg = Release|Any CPU
		{F7B9DBF5-ED8F-4894-BEC2-94476F057C26}.Release|Any CPU.Build.0 = Release|Any CPU
		{83C71E05-EA42-494D-AC0E-92291ADA7A4D}.Debug|Any CPU.ActiveCfg = Debug|Any CPU
		{83C71E05-EA42-494D-AC0E-92291ADA7A4D}.Debug|Any CPU.Build.0 = Debug|Any CPU
		{83C71E05-EA42-494D-AC0E-92291ADA7A4D}.Release|Any CPU.ActiveCfg = Release|Any CPU
		{83C71E05-EA42-494D-AC0E-92291ADA7A4D}.Release|Any CPU.Build.0 = Release|Any CPU
	EndGlobalSection
	GlobalSection(SolutionProperties) = preSolution
		HideSolutionNode = FALSE
	EndGlobalSection
	GlobalSection(ExtensibilityGlobals) = postSolution
		SolutionGuid = {F9A6A62C-F5EE-446A-97DE-EFC93F953F78}
	EndGlobalSection
EndGlobal
